// !$*UTF8*$!
{
	archiveVersion = 1;
	classes = {
	};
	objectVersion = 46;
	objects = {

/* Begin PBXBuildFile section */
		8413444020947B9F00BB68B3 /* Model.swift in Sources */ = {isa = PBXBuildFile; fileRef = 8413443F20947B9F00BB68B3 /* Model.swift */; };
		8418755C209241CB007A68DC /* GameScene.swift in Sources */ = {isa = PBXBuildFile; fileRef = 8418755A209241CB007A68DC /* GameScene.swift */; };
		8418756820924304007A68DC /* GameScenePhysics.swift in Sources */ = {isa = PBXBuildFile; fileRef = 8418756620924303007A68DC /* GameScenePhysics.swift */; };
		8418756920924304007A68DC /* GameSceneTouches.swift in Sources */ = {isa = PBXBuildFile; fileRef = 8418756720924304007A68DC /* GameSceneTouches.swift */; };
		84A1D7B820945F4000CC8655 /* playButton.png in Resources */ = {isa = PBXBuildFile; fileRef = 84A1D7A920945F3E00CC8655 /* playButton.png */; };
		84A1D7B920945F4000CC8655 /* badFly1.png in Resources */ = {isa = PBXBuildFile; fileRef = 84A1D7AA20945F3E00CC8655 /* badFly1.png */; };
		84A1D7BA20945F4000CC8655 /* Fly2.png in Resources */ = {isa = PBXBuildFile; fileRef = 84A1D7AB20945F3E00CC8655 /* Fly2.png */; };
		84A1D7BB20945F4000CC8655 /* Shoot1.png in Resources */ = {isa = PBXBuildFile; fileRef = 84A1D7AC20945F3F00CC8655 /* Shoot1.png */; };
		84A1D7BC20945F4000CC8655 /* Shoot2.png in Resources */ = {isa = PBXBuildFile; fileRef = 84A1D7AD20945F3F00CC8655 /* Shoot2.png */; };
		84A1D7BD20945F4000CC8655 /* Dead.png in Resources */ = {isa = PBXBuildFile; fileRef = 84A1D7AE20945F3F00CC8655 /* Dead.png */; };
		84A1D7BE20945F4000CC8655 /* badFly2.png in Resources */ = {isa = PBXBuildFile; fileRef = 84A1D7AF20945F3F00CC8655 /* badFly2.png */; };
		84A1D7C020945F4000CC8655 /* right.png in Resources */ = {isa = PBXBuildFile; fileRef = 84A1D7B120945F3F00CC8655 /* right.png */; };
		84A1D7C120945F4000CC8655 /* Fly1.png in Resources */ = {isa = PBXBuildFile; fileRef = 84A1D7B220945F3F00CC8655 /* Fly1.png */; };
		84A1D7C220945F4000CC8655 /* Shoot5.png in Resources */ = {isa = PBXBuildFile; fileRef = 84A1D7B320945F3F00CC8655 /* Shoot5.png */; };
		84A1D7C320945F4000CC8655 /* Shoot4.png in Resources */ = {isa = PBXBuildFile; fileRef = 84A1D7B420945F4000CC8655 /* Shoot4.png */; };
		84A1D7C420945F4000CC8655 /* Bullet1.png in Resources */ = {isa = PBXBuildFile; fileRef = 84A1D7B520945F4000CC8655 /* Bullet1.png */; };
		84A1D7C520945F4000CC8655 /* Shoot3.png in Resources */ = {isa = PBXBuildFile; fileRef = 84A1D7B620945F4000CC8655 /* Shoot3.png */; };
		CFCEA8F620905DEF009EFBC0 /* AppDelegate.swift in Sources */ = {isa = PBXBuildFile; fileRef = CFCEA8F520905DEF009EFBC0 /* AppDelegate.swift */; };
		CFCEA8FE20905DEF009EFBC0 /* GameViewController.swift in Sources */ = {isa = PBXBuildFile; fileRef = CFCEA8FD20905DEF009EFBC0 /* GameViewController.swift */; };
		CFCEA90120905DEF009EFBC0 /* Main.storyboard in Resources */ = {isa = PBXBuildFile; fileRef = CFCEA8FF20905DEF009EFBC0 /* Main.storyboard */; };
		CFCEA90320905DEF009EFBC0 /* Assets.xcassets in Resources */ = {isa = PBXBuildFile; fileRef = CFCEA90220905DEF009EFBC0 /* Assets.xcassets */; };
		CFCEA90620905DEF009EFBC0 /* LaunchScreen.storyboard in Resources */ = {isa = PBXBuildFile; fileRef = CFCEA90420905DEF009EFBC0 /* LaunchScreen.storyboard */; };
/* End PBXBuildFile section */

/* Begin PBXFileReference section */
		8413443F20947B9F00BB68B3 /* Model.swift */ = {isa = PBXFileReference; lastKnownFileType = sourcecode.swift; path = Model.swift; sourceTree = "<group>"; };
		8418755A209241CB007A68DC /* GameScene.swift */ = {isa = PBXFileReference; lastKnownFileType = sourcecode.swift; path = GameScene.swift; sourceTree = "<group>"; };
		8418755B209241CB007A68DC /* GameScene.sks */ = {isa = PBXFileReference; lastKnownFileType = file.sks; path = GameScene.sks; sourceTree = "<group>"; };
		8418756620924303007A68DC /* GameScenePhysics.swift */ = {isa = PBXFileReference; fileEncoding = 4; lastKnownFileType = sourcecode.swift; path = GameScenePhysics.swift; sourceTree = "<group>"; };
		8418756720924304007A68DC /* GameSceneTouches.swift */ = {isa = PBXFileReference; fileEncoding = 4; lastKnownFileType = sourcecode.swift; path = GameSceneTouches.swift; sourceTree = "<group>"; };
		84A1D7A920945F3E00CC8655 /* playButton.png */ = {isa = PBXFileReference; lastKnownFileType = image.png; path = playButton.png; sourceTree = "<group>"; };
		84A1D7AA20945F3E00CC8655 /* badFly1.png */ = {isa = PBXFileReference; lastKnownFileType = image.png; path = badFly1.png; sourceTree = "<group>"; };
		84A1D7AB20945F3E00CC8655 /* Fly2.png */ = {isa = PBXFileReference; lastKnownFileType = image.png; path = Fly2.png; sourceTree = "<group>"; };
		84A1D7AC20945F3F00CC8655 /* Shoot1.png */ = {isa = PBXFileReference; lastKnownFileType = image.png; path = Shoot1.png; sourceTree = "<group>"; };
		84A1D7AD20945F3F00CC8655 /* Shoot2.png */ = {isa = PBXFileReference; lastKnownFileType = image.png; path = Shoot2.png; sourceTree = "<group>"; };
		84A1D7AE20945F3F00CC8655 /* Dead.png */ = {isa = PBXFileReference; lastKnownFileType = image.png; path = Dead.png; sourceTree = "<group>"; };
		84A1D7AF20945F3F00CC8655 /* badFly2.png */ = {isa = PBXFileReference; lastKnownFileType = image.png; path = badFly2.png; sourceTree = "<group>"; };
		84A1D7B120945F3F00CC8655 /* right.png */ = {isa = PBXFileReference; lastKnownFileType = image.png; path = right.png; sourceTree = "<group>"; };
		84A1D7B220945F3F00CC8655 /* Fly1.png */ = {isa = PBXFileReference; lastKnownFileType = image.png; path = Fly1.png; sourceTree = "<group>"; };
		84A1D7B320945F3F00CC8655 /* Shoot5.png */ = {isa = PBXFileReference; lastKnownFileType = image.png; path = Shoot5.png; sourceTree = "<group>"; };
		84A1D7B420945F4000CC8655 /* Shoot4.png */ = {isa = PBXFileReference; lastKnownFileType = image.png; path = Shoot4.png; sourceTree = "<group>"; };
		84A1D7B520945F4000CC8655 /* Bullet1.png */ = {isa = PBXFileReference; lastKnownFileType = image.png; path = Bullet1.png; sourceTree = "<group>"; };
		84A1D7B620945F4000CC8655 /* Shoot3.png */ = {isa = PBXFileReference; lastKnownFileType = image.png; path = Shoot3.png; sourceTree = "<group>"; };
		CFCEA8F220905DEF009EFBC0 /* Plane.app */ = {isa = PBXFileReference; explicitFileType = wrapper.application; includeInIndex = 0; path = Plane.app; sourceTree = BUILT_PRODUCTS_DIR; };
		CFCEA8F520905DEF009EFBC0 /* AppDelegate.swift */ = {isa = PBXFileReference; lastKnownFileType = sourcecode.swift; path = AppDelegate.swift; sourceTree = "<group>"; };
		CFCEA8FD20905DEF009EFBC0 /* GameViewController.swift */ = {isa = PBXFileReference; lastKnownFileType = sourcecode.swift; path = GameViewController.swift; sourceTree = "<group>"; };
		CFCEA90020905DEF009EFBC0 /* Base */ = {isa = PBXFileReference; lastKnownFileType = file.storyboard; name = Base; path = Base.lproj/Main.storyboard; sourceTree = "<group>"; };
		CFCEA90220905DEF009EFBC0 /* Assets.xcassets */ = {isa = PBXFileReference; lastKnownFileType = folder.assetcatalog; path = Assets.xcassets; sourceTree = "<group>"; };
		CFCEA90520905DEF009EFBC0 /* Base */ = {isa = PBXFileReference; lastKnownFileType = file.storyboard; name = Base; path = Base.lproj/LaunchScreen.storyboard; sourceTree = "<group>"; };
		CFCEA90720905DEF009EFBC0 /* Info.plist */ = {isa = PBXFileReference; lastKnownFileType = text.plist.xml; path = Info.plist; sourceTree = "<group>"; };
/* End PBXFileReference section */

/* Begin PBXFrameworksBuildPhase section */
		CFCEA8EF20905DEE009EFBC0 /* Frameworks */ = {
			isa = PBXFrameworksBuildPhase;
			buildActionMask = 2147483647;
			files = (
			);
			runOnlyForDeploymentPostprocessing = 0;
		};
/* End PBXFrameworksBuildPhase section */

/* Begin PBXGroup section */
		841344412094922B00BB68B3 /* Shoot */ = {
			isa = PBXGroup;
			children = (
				84A1D7AC20945F3F00CC8655 /* Shoot1.png */,
				84A1D7AD20945F3F00CC8655 /* Shoot2.png */,
				84A1D7B620945F4000CC8655 /* Shoot3.png */,
				84A1D7B420945F4000CC8655 /* Shoot4.png */,
				84A1D7B320945F3F00CC8655 /* Shoot5.png */,
			);
			path = Shoot;
			sourceTree = "<group>";
		};
		841344422094924D00BB68B3 /* Bad */ = {
			isa = PBXGroup;
			children = (
				84A1D7AA20945F3E00CC8655 /* badFly1.png */,
				84A1D7AF20945F3F00CC8655 /* badFly2.png */,
			);
			path = Bad;
			sourceTree = "<group>";
		};
		841344432094926F00BB68B3 /* Plane */ = {
			isa = PBXGroup;
			children = (
				841344412094922B00BB68B3 /* Shoot */,
				84A1D7AE20945F3F00CC8655 /* Dead.png */,
				84A1D7B220945F3F00CC8655 /* Fly1.png */,
				84A1D7AB20945F3E00CC8655 /* Fly2.png */,
				84A1D7B520945F4000CC8655 /* Bullet1.png */,
			);
			path = Plane;
			sourceTree = "<group>";
		};
		84134444209492E100BB68B3 /* Interface */ = {
			isa = PBXGroup;
			children = (
				84A1D7A920945F3E00CC8655 /* playButton.png */,
				84A1D7B120945F3F00CC8655 /* right.png */,
			);
			path = Interface;
			sourceTree = "<group>";
		};
		84187561209242CA007A68DC /* GameSceneExtension */ = {
			isa = PBXGroup;
			children = (
				8418756620924303007A68DC /* GameScenePhysics.swift */,
				8418756720924304007A68DC /* GameSceneTouches.swift */,
			);
			path = GameSceneExtension;
			sourceTree = "<group>";
		};
		84A1D7A720945F1B00CC8655 /* Images */ = {
			isa = PBXGroup;
			children = (
				84134444209492E100BB68B3 /* Interface */,
				841344432094926F00BB68B3 /* Plane */,
				841344422094924D00BB68B3 /* Bad */,
			);
			path = Images;
			sourceTree = "<group>";
		};
		CFCEA8E920905DEE009EFBC0 = {
			isa = PBXGroup;
			children = (
				CFCEA8F420905DEF009EFBC0 /* Plane */,
				CFCEA8F320905DEF009EFBC0 /* Products */,
			);
			sourceTree = "<group>";
		};
		CFCEA8F320905DEF009EFBC0 /* Products */ = {
			isa = PBXGroup;
			children = (
				CFCEA8F220905DEF009EFBC0 /* Plane.app */,
			);
			name = Products;
			sourceTree = "<group>";
		};
		CFCEA8F420905DEF009EFBC0 /* Plane */ = {
			isa = PBXGroup;
			children = (
				8418755B209241CB007A68DC /* GameScene.sks */,
				84A1D7A720945F1B00CC8655 /* Images */,
				84187561209242CA007A68DC /* GameSceneExtension */,
				8418755A209241CB007A68DC /* GameScene.swift */,
				8413443F20947B9F00BB68B3 /* Model.swift */,
				CFCEA8F520905DEF009EFBC0 /* AppDelegate.swift */,
				CFCEA8FD20905DEF009EFBC0 /* GameViewController.swift */,
				CFCEA8FF20905DEF009EFBC0 /* Main.storyboard */,
				CFCEA90220905DEF009EFBC0 /* Assets.xcassets */,
				CFCEA90420905DEF009EFBC0 /* LaunchScreen.storyboard */,
				CFCEA90720905DEF009EFBC0 /* Info.plist */,
			);
			path = Plane;
			sourceTree = "<group>";
		};
/* End PBXGroup section */

/* Begin PBXNativeTarget section */
		CFCEA8F120905DEE009EFBC0 /* Plane */ = {
			isa = PBXNativeTarget;
			buildConfigurationList = CFCEA90A20905DEF009EFBC0 /* Build configuration list for PBXNativeTarget "Plane" */;
			buildPhases = (
				CFCEA8EE20905DEE009EFBC0 /* Sources */,
				CFCEA8EF20905DEE009EFBC0 /* Frameworks */,
				CFCEA8F020905DEE009EFBC0 /* Resources */,
			);
			buildRules = (
			);
			dependencies = (
			);
			name = Plane;
			productName = Plane;
			productReference = CFCEA8F220905DEF009EFBC0 /* Plane.app */;
			productType = "com.apple.product-type.application";
		};
/* End PBXNativeTarget section */

/* Begin PBXProject section */
		CFCEA8EA20905DEE009EFBC0 /* Project object */ = {
			isa = PBXProject;
			attributes = {
				LastSwiftUpdateCheck = 0820;
				LastUpgradeCheck = 0920;
				ORGANIZATIONNAME = "Разработчик";
				TargetAttributes = {
					CFCEA8F120905DEE009EFBC0 = {
						CreatedOnToolsVersion = 8.2;
						DevelopmentTeam = 9M899DRBMV;
						LastSwiftMigration = 0920;
						ProvisioningStyle = Automatic;
					};
				};
			};
			buildConfigurationList = CFCEA8ED20905DEE009EFBC0 /* Build configuration list for PBXProject "Plane" */;
			compatibilityVersion = "Xcode 3.2";
			developmentRegion = English;
			hasScannedForEncodings = 0;
			knownRegions = (
				en,
				Base,
			);
			mainGroup = CFCEA8E920905DEE009EFBC0;
			productRefGroup = CFCEA8F320905DEF009EFBC0 /* Products */;
			projectDirPath = "";
			projectRoot = "";
			targets = (
				CFCEA8F120905DEE009EFBC0 /* Plane */,
			);
		};
/* End PBXProject section */

/* Begin PBXResourcesBuildPhase section */
		CFCEA8F020905DEE009EFBC0 /* Resources */ = {
			isa = PBXResourcesBuildPhase;
			buildActionMask = 2147483647;
			files = (
				84A1D7BA20945F4000CC8655 /* Fly2.png in Resources */,
				84A1D7BE20945F4000CC8655 /* badFly2.png in Resources */,
				84A1D7B820945F4000CC8655 /* playButton.png in Resources */,
				84A1D7B920945F4000CC8655 /* badFly1.png in Resources */,
				84A1D7C020945F4000CC8655 /* right.png in Resources */,
				CFCEA90120905DEF009EFBC0 /* Main.storyboard in Resources */,
				84A1D7BD20945F4000CC8655 /* Dead.png in Resources */,
				CFCEA90320905DEF009EFBC0 /* Assets.xcassets in Resources */,
				84A1D7C320945F4000CC8655 /* Shoot4.png in Resources */,
				84A1D7C520945F4000CC8655 /* Shoot3.png in Resources */,
				CFCEA90620905DEF009EFBC0 /* LaunchScreen.storyboard in Resources */,
				84A1D7C120945F4000CC8655 /* Fly1.png in Resources */,
				84A1D7BC20945F4000CC8655 /* Shoot2.png in Resources */,
				84A1D7C420945F4000CC8655 /* Bullet1.png in Resources */,
				84A1D7BB20945F4000CC8655 /* Shoot1.png in Resources */,
				84A1D7C220945F4000CC8655 /* Shoot5.png in Resources */,
			);
			runOnlyForDeploymentPostprocessing = 0;
		};
/* End PBXResourcesBuildPhase section */

/* Begin PBXSourcesBuildPhase section */
		CFCEA8EE20905DEE009EFBC0 /* Sources */ = {
			isa = PBXSourcesBuildPhase;
			buildActionMask = 2147483647;
			files = (
				8418756820924304007A68DC /* GameScenePhysics.swift in Sources */,
				8418755C209241CB007A68DC /* GameScene.swift in Sources */,
				CFCEA8FE20905DEF009EFBC0 /* GameViewController.swift in Sources */,
				8413444020947B9F00BB68B3 /* Model.swift in Sources */,
				8418756920924304007A68DC /* GameSceneTouches.swift in Sources */,
				CFCEA8F620905DEF009EFBC0 /* AppDelegate.swift in Sources */,
			);
			runOnlyForDeploymentPostprocessing = 0;
		};
/* End PBXSourcesBuildPhase section */

/* Begin PBXVariantGroup section */
		CFCEA8FF20905DEF009EFBC0 /* Main.storyboard */ = {
			isa = PBXVariantGroup;
			children = (
				CFCEA90020905DEF009EFBC0 /* Base */,
			);
			name = Main.storyboard;
			sourceTree = "<group>";
		};
		CFCEA90420905DEF009EFBC0 /* LaunchScreen.storyboard */ = {
			isa = PBXVariantGroup;
			children = (
				CFCEA90520905DEF009EFBC0 /* Base */,
			);
			name = LaunchScreen.storyboard;
			sourceTree = "<group>";
		};
/* End PBXVariantGroup section */

/* Begin XCBuildConfiguration section */
		CFCEA90820905DEF009EFBC0 /* Debug */ = {
			isa = XCBuildConfiguration;
			buildSettings = {
				ALWAYS_SEARCH_USER_PATHS = NO;
				CLANG_ANALYZER_NONNULL = YES;
				CLANG_CXX_LANGUAGE_STANDARD = "gnu++0x";
				CLANG_CXX_LIBRARY = "libc++";
				CLANG_ENABLE_MODULES = YES;
				CLANG_ENABLE_OBJC_ARC = YES;
				CLANG_WARN_BLOCK_CAPTURE_AUTORELEASING = YES;
				CLANG_WARN_BOOL_CONVERSION = YES;
				CLANG_WARN_COMMA = YES;
				CLANG_WARN_CONSTANT_CONVERSION = YES;
				CLANG_WARN_DIRECT_OBJC_ISA_USAGE = YES_ERROR;
				CLANG_WARN_DOCUMENTATION_COMMENTS = YES;
				CLANG_WARN_EMPTY_BODY = YES;
				CLANG_WARN_ENUM_CONVERSION = YES;
				CLANG_WARN_INFINITE_RECURSION = YES;
				CLANG_WARN_INT_CONVERSION = YES;
				CLANG_WARN_NON_LITERAL_NULL_CONVERSION = YES;
				CLANG_WARN_OBJC_LITERAL_CONVERSION = YES;
				CLANG_WARN_OBJC_ROOT_CLASS = YES_ERROR;
				CLANG_WARN_RANGE_LOOP_ANALYSIS = YES;
				CLANG_WARN_STRICT_PROTOTYPES = YES;
				CLANG_WARN_SUSPICIOUS_MOVE = YES;
				CLANG_WARN_UNREACHABLE_CODE = YES;
				CLANG_WARN__DUPLICATE_METHOD_MATCH = YES;
				"CODE_SIGN_IDENTITY[sdk=iphoneos*]" = "iPhone Developer";
				COPY_PHASE_STRIP = NO;
				DEBUG_INFORMATION_FORMAT = dwarf;
				ENABLE_STRICT_OBJC_MSGSEND = YES;
				ENABLE_TESTABILITY = YES;
				GCC_C_LANGUAGE_STANDARD = gnu99;
				GCC_DYNAMIC_NO_PIC = NO;
				GCC_NO_COMMON_BLOCKS = YES;
				GCC_OPTIMIZATION_LEVEL = 0;
				GCC_PREPROCESSOR_DEFINITIONS = (
					"DEBUG=1",
					"$(inherited)",
				);
				GCC_WARN_64_TO_32_BIT_CONVERSION = YES;
				GCC_WARN_ABOUT_RETURN_TYPE = YES_ERROR;
				GCC_WARN_UNDECLARED_SELECTOR = YES;
				GCC_WARN_UNINITIALIZED_AUTOS = YES_AGGRESSIVE;
				GCC_WARN_UNUSED_FUNCTION = YES;
				GCC_WARN_UNUSED_VARIABLE = YES;
				IPHONEOS_DEPLOYMENT_TARGET = 10.2;
				MTL_ENABLE_DEBUG_INFO = YES;
				ONLY_ACTIVE_ARCH = YES;
				SDKROOT = iphoneos;
				SWIFT_ACTIVE_COMPILATION_CONDITIONS = DEBUG;
				SWIFT_OPTIMIZATION_LEVEL = "-Onone";
			};
			name = Debug;
		};
		CFCEA90920905DEF009EFBC0 /* Release */ = {
			isa = XCBuildConfiguration;
			buildSettings = {
				ALWAYS_SEARCH_USER_PATHS = NO;
				CLANG_ANALYZER_NONNULL = YES;
				CLANG_CXX_LANGUAGE_STANDARD = "gnu++0x";
				CLANG_CXX_LIBRARY = "libc++";
				CLANG_ENABLE_MODULES = YES;
				CLANG_ENABLE_OBJC_ARC = YES;
				CLANG_WARN_BLOCK_CAPTURE_AUTORELEASING = YES;
				CLANG_WARN_BOOL_CONVERSION = YES;
				CLANG_WARN_COMMA = YES;
				CLANG_WARN_CONSTANT_CONVERSION = YES;
				CLANG_WARN_DIRECT_OBJC_ISA_USAGE = YES_ERROR;
				CLANG_WARN_DOCUMENTATION_COMMENTS = YES;
				CLANG_WARN_EMPTY_BODY = YES;
				CLANG_WARN_ENUM_CONVERSION = YES;
				CLANG_WARN_INFINITE_RECURSION = YES;
				CLANG_WARN_INT_CONVERSION = YES;
				CLANG_WARN_NON_LITERAL_NULL_CONVERSION = YES;
				CLANG_WARN_OBJC_LITERAL_CONVERSION = YES;
				CLANG_WARN_OBJC_ROOT_CLASS = YES_ERROR;
				CLANG_WARN_RANGE_LOOP_ANALYSIS = YES;
				CLANG_WARN_STRICT_PROTOTYPES = YES;
				CLANG_WARN_SUSPICIOUS_MOVE = YES;
				CLANG_WARN_UNREACHABLE_CODE = YES;
				CLANG_WARN__DUPLICATE_METHOD_MATCH = YES;
				"CODE_SIGN_IDENTITY[sdk=iphoneos*]" = "iPhone Developer";
				COPY_PHASE_STRIP = NO;
				DEBUG_INFORMATION_FORMAT = "dwarf-with-dsym";
				ENABLE_NS_ASSERTIONS = NO;
				ENABLE_STRICT_OBJC_MSGSEND = YES;
				GCC_C_LANGUAGE_STANDARD = gnu99;
				GCC_NO_COMMON_BLOCKS = YES;
				GCC_WARN_64_TO_32_BIT_CONVERSION = YES;
				GCC_WARN_ABOUT_RETURN_TYPE = YES_ERROR;
				GCC_WARN_UNDECLARED_SELECTOR = YES;
				GCC_WARN_UNINITIALIZED_AUTOS = YES_AGGRESSIVE;
				GCC_WARN_UNUSED_FUNCTION = YES;
				GCC_WARN_UNUSED_VARIABLE = YES;
				IPHONEOS_DEPLOYMENT_TARGET = 10.2;
				MTL_ENABLE_DEBUG_INFO = NO;
				SDKROOT = iphoneos;
				SWIFT_OPTIMIZATION_LEVEL = "-Owholemodule";
				VALIDATE_PRODUCT = YES;
			};
			name = Release;
		};
		CFCEA90B20905DEF009EFBC0 /* Debug */ = {
			isa = XCBuildConfiguration;
			buildSettings = {
				ASSETCATALOG_COMPILER_APPICON_NAME = AppIcon;
				DEVELOPMENT_TEAM = 9M899DRBMV;
				INFOPLIST_FILE = Plane/Info.plist;
				IPHONEOS_DEPLOYMENT_TARGET = 11.0;
				LD_RUNPATH_SEARCH_PATHS = "$(inherited) @executable_path/Frameworks";
				PRODUCT_BUNDLE_IDENTIFIER = "TSU-CSD.Plane";
				PRODUCT_NAME = "$(TARGET_NAME)";
				SWIFT_SWIFT3_OBJC_INFERENCE = Default;
				SWIFT_VERSION = 4.0;
			};
			name = Debug;
		};
		CFCEA90C20905DEF009EFBC0 /* Release */ = {
			isa = XCBuildConfiguration;
			buildSettings = {
				ASSETCATALOG_COMPILER_APPICON_NAME = AppIcon;
				DEVELOPMENT_TEAM = 9M899DRBMV;
				INFOPLIST_FILE = Plane/Info.plist;
				IPHONEOS_DEPLOYMENT_TARGET = 11.0;
				LD_RUNPATH_SEARCH_PATHS = "$(inherited) @executable_path/Frameworks";
				PRODUCT_BUNDLE_IDENTIFIER = "TSU-CSD.Plane";
				PRODUCT_NAME = "$(TARGET_NAME)";
				SWIFT_SWIFT3_OBJC_INFERENCE = Default;
				SWIFT_VERSION = 4.0;
			};
			name = Release;
		};
/* End XCBuildConfiguration section */

/* Begin XCConfigurationList section */
		CFCEA8ED20905DEE009EFBC0 /* Build configuration list for PBXProject "Plane" */ = {
			isa = XCConfigurationList;
			buildConfigurations = (
				CFCEA90820905DEF009EFBC0 /* Debug */,
				CFCEA90920905DEF009EFBC0 /* Release */,
			);
			defaultConfigurationIsVisible = 0;
			defaultConfigurationName = Release;
		};
		CFCEA90A20905DEF009EFBC0 /* Build configuration list for PBXNativeTarget "Plane" */ = {
			isa = XCConfigurationList;
			buildConfigurations = (
				CFCEA90B20905DEF009EFBC0 /* Debug */,
				CFCEA90C20905DEF009EFBC0 /* Release */,
			);
			defaultConfigurationIsVisible = 0;
			defaultConfigurationName = Release;
		};
/* End XCConfigurationList section */
	};
	rootObject = CFCEA8EA20905DEE009EFBC0 /* Project object */;
}
